
Microsoft Visual Studio Solution File, Format Version 12.00
# Visual Studio Version 16
VisualStudioVersion = 16.0.29926.136
MinimumVisualStudioVersion = 10.0.40219.1
Project("{FAE04EC0-301F-11D3-BF4B-00C04F79EFBC}") = "LeagueSkins", "LeagueSkins.csproj", "{498B8016-4278-4331-B161-9D368342858B}"
EndProject
Global
	GlobalSection(SolutionConfigurationPlatforms) = preSolution
		Debug|Any CPU = Debug|Any CPU
		Release|Any CPU = Release|Any CPU
	EndGlobalSection
	GlobalSection(ProjectConfigurationPlatforms) = postSolution
		{498B8016-4278-4331-B161-9D368342858B}.Debug|Any CPU.ActiveCfg = Debug|Any CPU
		{498B8016-4278-4331-B161-9D368342858B}.Debug|Any CPU.Build.0 = Debug|Any CPU
		{498B8016-4278-4331-B161-9D368342858B}.Release|Any CPU.ActiveCfg = Release|Any CPU
		{498B8016-4278-4331-B161-9D368342858B}.Release|Any CPU.Build.0 = Release|Any CPU
	EndGlobalSection
	GlobalSection(SolutionProperties) = preSolution
		HideSolutionNode = FALSE
	EndGlobalSection
	GlobalSection(ExtensibilityGlobals) = postSolution
		SolutionGuid = {C9444C7D-F7AF-4D26-9D97-4906FAE5DE5E}
	EndGlobalSection
EndGlobal
